
Microsoft Visual Studio Solution File, Format Version 12.00
# Visual Studio 2013
VisualStudioVersion = 12.0.31101.0
MinimumVisualStudioVersion = 10.0.40219.1
Project("{FAE04EC0-301F-11D3-BF4B-00C04F79EFBC}") = "TrelloEmail.WindowsService", "TrelloEmail.WindowsService\TrelloEmail.WindowsService.csproj", "{944BF213-97FB-425E-9261-4790843E72D4}"
EndProject
Project("{FAE04EC0-301F-11D3-BF4B-00C04F79EFBC}") = "EmailWatchers", "EmailWatchers\EmailWatchers.csproj", "{806E0CB7-8C4B-4A3D-A20F-52557122719B}"
EndProject
Project("{2150E333-8FDC-42A3-9474-1A3956D46DE8}") = "Solution Items", "Solution Items", "{0DFA93BB-F076-4CA1-A8D3-C19B8A8A2D88}"
	ProjectSection(SolutionItems) = preProject
		todo.txt = todo.txt
	EndProjectSection
EndProject
Project("{FAE04EC0-301F-11D3-BF4B-00C04F79EFBC}") = "Trello.Services", "Trello.Services\Trello.Services.csproj", "{BDC5DA3B-0726-41B8-A196-ED188696C0FE}"
EndProject
Project("{FAE04EC0-301F-11D3-BF4B-00C04F79EFBC}") = "Trello.TestApp", "Trello.TestApp\Trello.TestApp.csproj", "{E3CDF90A-AE72-4224-B4A3-8DE88E64FBB9}"
EndProject
Project("{FAE04EC0-301F-11D3-BF4B-00C04F79EFBC}") = "TrelloManagement", "TrelloManagement\TrelloManagement.csproj", "{C738C6B8-6772-48F1-8269-19B425DC265A}"
EndProject
Project("{FAE04EC0-301F-11D3-BF4B-00C04F79EFBC}") = "TrelloManagement.Models", "TrelloManagement.Models\TrelloManagement.Models.csproj", "{B36D3249-FC91-472F-9182-FEC2FD904E0F}"
EndProject
Project("{FAE04EC0-301F-11D3-BF4B-00C04F79EFBC}") = "SlackNotifier", "SlackNotifier\SlackNotifier.csproj", "{4B4E60B3-6EBC-4CE3-9CED-3F59F2C43BC1}"
EndProject
Global
	GlobalSection(SolutionConfigurationPlatforms) = preSolution
		Debug|Any CPU = Debug|Any CPU
		Release|Any CPU = Release|Any CPU
	EndGlobalSection
	GlobalSection(ProjectConfigurationPlatforms) = postSolution
		{944BF213-97FB-425E-9261-4790843E72D4}.Debug|Any CPU.ActiveCfg = Debug|Any CPU
		{944BF213-97FB-425E-9261-4790843E72D4}.Debug|Any CPU.Build.0 = Debug|Any CPU
		{944BF213-97FB-425E-9261-4790843E72D4}.Release|Any CPU.ActiveCfg = Release|Any CPU
		{944BF213-97FB-425E-9261-4790843E72D4}.Release|Any CPU.Build.0 = Release|Any CPU
		{806E0CB7-8C4B-4A3D-A20F-52557122719B}.Debug|Any CPU.ActiveCfg = Debug|Any CPU
		{806E0CB7-8C4B-4A3D-A20F-52557122719B}.Debug|Any CPU.Build.0 = Debug|Any CPU
		{806E0CB7-8C4B-4A3D-A20F-52557122719B}.Release|Any CPU.ActiveCfg = Release|Any CPU
		{806E0CB7-8C4B-4A3D-A20F-52557122719B}.Release|Any CPU.Build.0 = Release|Any CPU
		{BDC5DA3B-0726-41B8-A196-ED188696C0FE}.Debug|Any CPU.ActiveCfg = Debug|Any CPU
		{BDC5DA3B-0726-41B8-A196-ED188696C0FE}.Debug|Any CPU.Build.0 = Debug|Any CPU
		{BDC5DA3B-0726-41B8-A196-ED188696C0FE}.Release|Any CPU.ActiveCfg = Release|Any CPU
		{BDC5DA3B-0726-41B8-A196-ED188696C0FE}.Release|Any CPU.Build.0 = Release|Any CPU
		{E3CDF90A-AE72-4224-B4A3-8DE88E64FBB9}.Debug|Any CPU.ActiveCfg = Debug|Any CPU
		{E3CDF90A-AE72-4224-B4A3-8DE88E64FBB9}.Debug|Any CPU.Build.0 = Debug|Any CPU
		{E3CDF90A-AE72-4224-B4A3-8DE88E64FBB9}.Release|Any CPU.ActiveCfg = Release|Any CPU
		{E3CDF90A-AE72-4224-B4A3-8DE88E64FBB9}.Release|Any CPU.Build.0 = Release|Any CPU
		{C738C6B8-6772-48F1-8269-19B425DC265A}.Debug|Any CPU.ActiveCfg = Debug|Any CPU
		{C738C6B8-6772-48F1-8269-19B425DC265A}.Debug|Any CPU.Build.0 = Debug|Any CPU
		{C738C6B8-6772-48F1-8269-19B425DC265A}.Release|Any CPU.ActiveCfg = Release|Any CPU
		{C738C6B8-6772-48F1-8269-19B425DC265A}.Release|Any CPU.Build.0 = Release|Any CPU
		{B36D3249-FC91-472F-9182-FEC2FD904E0F}.Debug|Any CPU.ActiveCfg = Debug|Any CPU
		{B36D3249-FC91-472F-9182-FEC2FD904E0F}.Debug|Any CPU.Build.0 = Debug|Any CPU
		{B36D3249-FC91-472F-9182-FEC2FD904E0F}.Release|Any CPU.ActiveCfg = Release|Any CPU
		{B36D3249-FC91-472F-9182-FEC2FD904E0F}.Release|Any CPU.Build.0 = Release|Any CPU
		{4B4E60B3-6EBC-4CE3-9CED-3F59F2C43BC1}.Debug|Any CPU.ActiveCfg = Debug|Any CPU
		{4B4E60B3-6EBC-4CE3-9CED-3F59F2C43BC1}.Debug|Any CPU.Build.0 = Debug|Any CPU
		{4B4E60B3-6EBC-4CE3-9CED-3F59F2C43BC1}.Release|Any CPU.ActiveCfg = Release|Any CPU
		{4B4E60B3-6EBC-4CE3-9CED-3F59F2C43BC1}.Release|Any CPU.Build.0 = Release|Any CPU
	EndGlobalSection
	GlobalSection(SolutionProperties) = preSolution
		HideSolutionNode = FALSE
	EndGlobalSection
EndGlobal
